
Microsoft Visual Studio Solution File, Format Version 12.00
# Visual Studio Version 16
VisualStudioVersion = 16.0.30804.86
MinimumVisualStudioVersion = 10.0.40219.1
Project("{FAE04EC0-301F-11D3-BF4B-00C04F79EFBC}") = "QLTS", "QuanLyNhaHang\QLTS.csproj", "{36E54ACC-6C41-4D0F-8B51-B87BA4A04D3A}"
EndProject
Global
	GlobalSection(SolutionConfigurationPlatforms) = preSolution
		Debug|Any CPU = Debug|Any CPU
		Release|Any CPU = Release|Any CPU
	EndGlobalSection
	GlobalSection(ProjectConfigurationPlatforms) = postSolution
		{36E54ACC-6C41-4D0F-8B51-B87BA4A04D3A}.Debug|Any CPU.ActiveCfg = Debug|Any CPU
		{36E54ACC-6C41-4D0F-8B51-B87BA4A04D3A}.Debug|Any CPU.Build.0 = Debug|Any CPU
		{36E54ACC-6C41-4D0F-8B51-B87BA4A04D3A}.Release|Any CPU.ActiveCfg = Release|Any CPU
		{36E54ACC-6C41-4D0F-8B51-B87BA4A04D3A}.Release|Any CPU.Build.0 = Release|Any CPU
	EndGlobalSection
	GlobalSection(SolutionProperties) = preSolution
		HideSolutionNode = FALSE
	EndGlobalSection
	GlobalSection(ExtensibilityGlobals) = postSolution
		SolutionGuid = {814D0422-CF02-4C22-A532-F835617F4DC8}
	EndGlobalSection
EndGlobal
